
Microsoft Visual Studio Solution File, Format Version 12.00
# Visual Studio Version 17
VisualStudioVersion = 17.6.33829.357
MinimumVisualStudioVersion = 10.0.40219.1
Project("{FAE04EC0-301F-11D3-BF4B-00C04F79EFBC}") = "MPServicePage", "MPServicePage\MPServicePage.csproj", "{E5249E1F-56CC-4ED9-AD81-39743195BF05}"
EndProject
Global
	GlobalSection(SolutionConfigurationPlatforms) = preSolution
		Debug|Any CPU = Debug|Any CPU
		Release|Any CPU = Release|Any CPU
	EndGlobalSection
	GlobalSection(ProjectConfigurationPlatforms) = postSolution
		{E5249E1F-56CC-4ED9-AD81-39743195BF05}.Debug|Any CPU.ActiveCfg = Debug|Any CPU
		{E5249E1F-56CC-4ED9-AD81-39743195BF05}.Debug|Any CPU.Build.0 = Debug|Any CPU
		{E5249E1F-56CC-4ED9-AD81-39743195BF05}.Release|Any CPU.ActiveCfg = Release|Any CPU
		{E5249E1F-56CC-4ED9-AD81-39743195BF05}.Release|Any CPU.Build.0 = Release|Any CPU
	EndGlobalSection
	GlobalSection(SolutionProperties) = preSolution
		HideSolutionNode = FALSE
	EndGlobalSection
	GlobalSection(ExtensibilityGlobals) = postSolution
		SolutionGuid = {AD5F39E4-38E9-47DE-8FA6-654DD7F2C51B}
	EndGlobalSection
EndGlobal
